
Microsoft Visual Studio Solution File, Format Version 12.00
# Visual Studio Version 17
VisualStudioVersion = 17.13.35913.81 d17.13
MinimumVisualStudioVersion = 10.0.40219.1
Project("{FAE04EC0-301F-11D3-BF4B-00C04F79EFBC}") = "SpaceMissionControl.Presentation", "SpaceMissionControl.Presentation\SpaceMissionControl.Presentation.csproj", "{3DD58DBB-F74C-46FD-86BD-E522645DB08E}"
EndProject
Project("{FAE04EC0-301F-11D3-BF4B-00C04F79EFBC}") = "SpaceMissionControl.Model", "SpaceMissionControl.Model\SpaceMissionControl.Model.csproj", "{215C37D7-9B86-405E-AB8D-B73B91E54BAA}"
EndProject
Project("{FAE04EC0-301F-11D3-BF4B-00C04F79EFBC}") = "SpaceMissionControl.Application", "SpaceMissionControl.Application\SpaceMissionControl.Application.csproj", "{6385D10D-2CBF-487D-9353-16A3B84CCF2D}"
EndProject
Project("{FAE04EC0-301F-11D3-BF4B-00C04F79EFBC}") = "SpaceMissionControl.Application.Test", "SpaceMissionControl.Application.Test\SpaceMissionControl.Application.Test.csproj", "{E5EF1ABE-F127-49A9-A82F-F1377692C814}"
EndProject
Global
	GlobalSection(SolutionConfigurationPlatforms) = preSolution
		Debug|Any CPU = Debug|Any CPU
		Release|Any CPU = Release|Any CPU
	EndGlobalSection
	GlobalSection(ProjectConfigurationPlatforms) = postSolution
		{3DD58DBB-F74C-46FD-86BD-E522645DB08E}.Debug|Any CPU.ActiveCfg = Debug|Any CPU
		{3DD58DBB-F74C-46FD-86BD-E522645DB08E}.Debug|Any CPU.Build.0 = Debug|Any CPU
		{3DD58DBB-F74C-46FD-86BD-E522645DB08E}.Release|Any CPU.ActiveCfg = Release|Any CPU
		{3DD58DBB-F74C-46FD-86BD-E522645DB08E}.Release|Any CPU.Build.0 = Release|Any CPU
		{215C37D7-9B86-405E-AB8D-B73B91E54BAA}.Debug|Any CPU.ActiveCfg = Debug|Any CPU
		{215C37D7-9B86-405E-AB8D-B73B91E54BAA}.Debug|Any CPU.Build.0 = Debug|Any CPU
		{215C37D7-9B86-405E-AB8D-B73B91E54BAA}.Release|Any CPU.ActiveCfg = Release|Any CPU
		{215C37D7-9B86-405E-AB8D-B73B91E54BAA}.Release|Any CPU.Build.0 = Release|Any CPU
		{6385D10D-2CBF-487D-9353-16A3B84CCF2D}.Debug|Any CPU.ActiveCfg = Debug|Any CPU
		{6385D10D-2CBF-487D-9353-16A3B84CCF2D}.Debug|Any CPU.Build.0 = Debug|Any CPU
		{6385D10D-2CBF-487D-9353-16A3B84CCF2D}.Release|Any CPU.ActiveCfg = Release|Any CPU
		{6385D10D-2CBF-487D-9353-16A3B84CCF2D}.Release|Any CPU.Build.0 = Release|Any CPU
		{E5EF1ABE-F127-49A9-A82F-F1377692C814}.Debug|Any CPU.ActiveCfg = Debug|Any CPU
		{E5EF1ABE-F127-49A9-A82F-F1377692C814}.Debug|Any CPU.Build.0 = Debug|Any CPU
		{E5EF1ABE-F127-49A9-A82F-F1377692C814}.Release|Any CPU.ActiveCfg = Release|Any CPU
		{E5EF1ABE-F127-49A9-A82F-F1377692C814}.Release|Any CPU.Build.0 = Release|Any CPU
	EndGlobalSection
	GlobalSection(SolutionProperties) = preSolution
		HideSolutionNode = FALSE
	EndGlobalSection
	GlobalSection(ExtensibilityGlobals) = postSolution
		SolutionGuid = {38206165-ADBC-4708-B63F-45E4BDC22022}
	EndGlobalSection
EndGlobal
